{
  "nodes": {
    "nixpkgs": {
      "locked": {
        "lastModified": 0,
        "narHash": "sha256-USs6A60raDKZ/8BEpqja1XjZIsRzADX+NtWKH6wIxIw=",
        "path": "/nix/store/y63ldczryzf8v3nnsjfmm65w56ngn0x3-source",
        "type": "path"
      },
      "original": {
        "id": "nixpkgs",
        "type": "indirect"
      }
    },
    "root": {
      "inputs": {
        "nixpkgs": "nixpkgs"
      }
    }
  },
  "root": "root",
  "version": 7
}
